# This file was autogenerated by Stack.
# You should not edit this file by hand.
# For more information, please see the documentation at:
#   https://docs.haskellstack.org/en/stable/lock_files

packages:
- completed:
    cabal-file:
      size: 31109
      sha256: 2e148e511cb87241a0953bbd8a0cb92e42de70d178f9f4d414ab857adbddb7dd
    name: streamly
    version: 0.6.1
    git: https://github.com/composewell/streamly
    pantry-tree:
      size: 9833
      sha256: ddc6aea32ea0bf0694a3545ce23cf9c2ba9cce8564f77c94773b41c5b3612e3a
    commit: b1c1b1880a8b5c9269b1a0d4624444f595836de0
  original:
    git: https://github.com/composewell/streamly
    commit: b1c1b1880a8b5c9269b1a0d4624444f595836de0
snapshots:
- completed:
    size: 523700
    url: https://raw.githubusercontent.com/commercialhaskell/stackage-snapshots/master/lts/14/7.yaml
    sha256: 8e3f3c894be74d71fa4bf085e0a8baae7e4d7622d07ea31a52736b80f8b9bb1a
  original: lts-14.7
